
Microsoft Visual Studio Solution File, Format Version 12.00
# Visual Studio Version 17
VisualStudioVersion = 17.8.34316.72
MinimumVisualStudioVersion = 10.0.40219.1
Project("{9A19103F-16F7-4668-BE54-9A1E7A4F7556}") = "AdventOfCode_2023", "AdventOfCode\AdventOfCode_2023.csproj", "{C38462EE-F14B-4F56-830A-76DF2A6CC316}"
EndProject
Global
	GlobalSection(SolutionConfigurationPlatforms) = preSolution
		Debug|Any CPU = Debug|Any CPU
		Release|Any CPU = Release|Any CPU
	EndGlobalSection
	GlobalSection(ProjectConfigurationPlatforms) = postSolution
		{C38462EE-F14B-4F56-830A-76DF2A6CC316}.Debug|Any CPU.ActiveCfg = Debug|Any CPU
		{C38462EE-F14B-4F56-830A-76DF2A6CC316}.Debug|Any CPU.Build.0 = Debug|Any CPU
		{C38462EE-F14B-4F56-830A-76DF2A6CC316}.Release|Any CPU.ActiveCfg = Release|Any CPU
		{C38462EE-F14B-4F56-830A-76DF2A6CC316}.Release|Any CPU.Build.0 = Release|Any CPU
	EndGlobalSection
	GlobalSection(SolutionProperties) = preSolution
		HideSolutionNode = FALSE
	EndGlobalSection
	GlobalSection(ExtensibilityGlobals) = postSolution
		SolutionGuid = {8FE72AB0-6B16-47F7-B262-BD1E1BC65529}
	EndGlobalSection
EndGlobal
